
Microsoft Visual Studio Solution File, Format Version 12.00
# Visual Studio Version 17
VisualStudioVersion = 17.10.35122.118
MinimumVisualStudioVersion = 10.0.40219.1
Project("{FAE04EC0-301F-11D3-BF4B-00C04F79EFBC}") = "E-commerceOnlineStore", "E-commerceOnlineStore\E-commerceOnlineStore.csproj", "{5A6F2DDE-DC35-4F8B-8973-39BBB90EC276}"
EndProject
Global
	GlobalSection(SolutionConfigurationPlatforms) = preSolution
		Debug|Any CPU = Debug|Any CPU
		Release|Any CPU = Release|Any CPU
	EndGlobalSection
	GlobalSection(ProjectConfigurationPlatforms) = postSolution
		{5A6F2DDE-DC35-4F8B-8973-39BBB90EC276}.Debug|Any CPU.ActiveCfg = Debug|Any CPU
		{5A6F2DDE-DC35-4F8B-8973-39BBB90EC276}.Debug|Any CPU.Build.0 = Debug|Any CPU
		{5A6F2DDE-DC35-4F8B-8973-39BBB90EC276}.Release|Any CPU.ActiveCfg = Release|Any CPU
		{5A6F2DDE-DC35-4F8B-8973-39BBB90EC276}.Release|Any CPU.Build.0 = Release|Any CPU
	EndGlobalSection
	GlobalSection(SolutionProperties) = preSolution
		HideSolutionNode = FALSE
	EndGlobalSection
	GlobalSection(ExtensibilityGlobals) = postSolution
		SolutionGuid = {5B1C95E4-04DC-498C-A435-93587E240FAE}
	EndGlobalSection
EndGlobal
